{
  "name": "rcon-htmx-demo",
  "version": "1.0.0",
  "lockfileVersion": 3,
  "requires": true,
  "packages": {
    "": {
      "name": "rcon-htmx-demo",
      "version": "1.0.0",
      "dependencies": {
        "htmx-ext-sse": "^2.2.4",
        "htmx.org": "^2.0.8",
        "ws": "^8.19.0"
      }
    },
    "node_modules/htmx-ext-sse": {
      "version": "2.2.4",
      "resolved": "https://registry.npmjs.org/htmx-ext-sse/-/htmx-ext-sse-2.2.4.tgz",
      "integrity": "sha512-LJmxVhykyflBWgh5PvbRidcyuqMHlgfajmmzumvKctv9puvsufeH6OaejSMZTNTnEI8O2wXXn4ZZtBdpEMqmEQ==",
      "dependencies": {
        "htmx.org": "^2.0.2"
      }
    },
    "node_modules/htmx.org": {
      "version": "2.0.8",
      "resolved": "https://registry.npmjs.org/htmx.org/-/htmx.org-2.0.8.tgz",
      "integrity": "sha512-fm297iru0iWsNJlBrjvtN7V9zjaxd+69Oqjh4F/Vq9Wwi2kFisLcrLCiv5oBX0KLfOX/zG8AUo9ROMU5XUB44Q==",
      "license": "0BSD"
    },
    "node_modules/ws": {
      "version": "8.19.0",
      "resolved": "https://registry.npmjs.org/ws/-/ws-8.19.0.tgz",
      "integrity": "sha512-blAT2mjOEIi0ZzruJfIhb3nps74PRWTCz1IjglWEEpQl5XS/UNama6u2/rjFkDDouqr4L67ry+1aGIALViWjDg==",
      "license": "MIT",
      "engines": {
        "node": ">=10.0.0"
      },
      "peerDependencies": {
        "bufferutil": "^4.0.1",
        "utf-8-validate": ">=5.0.2"
      },
      "peerDependenciesMeta": {
        "bufferutil": {
          "optional": true
        },
        "utf-8-validate": {
          "optional": true
        }
      }
    }
  }
}
